
Microsoft Visual Studio Solution File, Format Version 12.00
# Visual Studio Version 16
VisualStudioVersion = 16.0.29409.12
MinimumVisualStudioVersion = 10.0.40219.1
Project("{FAE04EC0-301F-11D3-BF4B-00C04F79EFBC}") = "WpfApp2", "WpfApp2.csproj", "{B3F813F9-BC14-4035-9655-AB8C754B14D5}"
EndProject
Global
	GlobalSection(SolutionConfigurationPlatforms) = preSolution
		Debug|Any CPU = Debug|Any CPU
		Release|Any CPU = Release|Any CPU
	EndGlobalSection
	GlobalSection(ProjectConfigurationPlatforms) = postSolution
		{B3F813F9-BC14-4035-9655-AB8C754B14D5}.Debug|Any CPU.ActiveCfg = Debug|Any CPU
		{B3F813F9-BC14-4035-9655-AB8C754B14D5}.Debug|Any CPU.Build.0 = Debug|Any CPU
		{B3F813F9-BC14-4035-9655-AB8C754B14D5}.Release|Any CPU.ActiveCfg = Release|Any CPU
		{B3F813F9-BC14-4035-9655-AB8C754B14D5}.Release|Any CPU.Build.0 = Release|Any CPU
	EndGlobalSection
	GlobalSection(SolutionProperties) = preSolution
		HideSolutionNode = FALSE
	EndGlobalSection
	GlobalSection(ExtensibilityGlobals) = postSolution
		SolutionGuid = {44ECE357-A94B-46D1-B970-F17BE5EEBC1C}
	EndGlobalSection
EndGlobal
